// !$*UTF8*$!
{
	archiveVersion = 1;
	classes = {
	};
	objectVersion = 56;
	objects = {

/* Begin PBXBuildFile section */
		21EB72272C9720B700943F29 /* SwiftUI_ResponsiveGridMovieListApp.swift in Sources */ = {isa = PBXBuildFile; fileRef = 21EB72262C9720B700943F29 /* SwiftUI_ResponsiveGridMovieListApp.swift */; };
		21EB72292C9720B700943F29 /* ContentView.swift in Sources */ = {isa = PBXBuildFile; fileRef = 21EB72282C9720B700943F29 /* ContentView.swift */; };
		21EB722B2C9720B900943F29 /* Assets.xcassets in Resources */ = {isa = PBXBuildFile; fileRef = 21EB722A2C9720B900943F29 /* Assets.xcassets */; };
		21EB722E2C9720B900943F29 /* Preview Assets.xcassets in Resources */ = {isa = PBXBuildFile; fileRef = 21EB722D2C9720B900943F29 /* Preview Assets.xcassets */; };
		23D0515A2C97313F00A45CBF /* ContentViewModel.swift in Sources */ = {isa = PBXBuildFile; fileRef = 23D051592C97313F00A45CBF /* ContentViewModel.swift */; };
		23FB72062C9724920082C88D /* ApiService.swift in Sources */ = {isa = PBXBuildFile; fileRef = 23FB72052C9724920082C88D /* ApiService.swift */; };
		23FB72082C9724C80082C88D /* Protocol.swift in Sources */ = {isa = PBXBuildFile; fileRef = 23FB72072C9724C80082C88D /* Protocol.swift */; };
		23FB720B2C9725310082C88D /* Movie.swift in Sources */ = {isa = PBXBuildFile; fileRef = 23FB720A2C9725310082C88D /* Movie.swift */; };
		23FB720E2C9729410082C88D /* ResultState.swift in Sources */ = {isa = PBXBuildFile; fileRef = 23FB720D2C9729410082C88D /* ResultState.swift */; };
		23FB72112C972D2F0082C88D /* MovieResponse.swift in Sources */ = {isa = PBXBuildFile; fileRef = 23FB72102C972D2F0082C88D /* MovieResponse.swift */; };
		23FB72132C972D6B0082C88D /* Dates.swift in Sources */ = {isa = PBXBuildFile; fileRef = 23FB72122C972D6B0082C88D /* Dates.swift */; };
/* End PBXBuildFile section */

/* Begin PBXFileReference section */
		21EB72232C9720B700943F29 /* SwiftUI_ResponsiveGridMovieList.app */ = {isa = PBXFileReference; explicitFileType = wrapper.application; includeInIndex = 0; path = SwiftUI_ResponsiveGridMovieList.app; sourceTree = BUILT_PRODUCTS_DIR; };
		21EB72262C9720B700943F29 /* SwiftUI_ResponsiveGridMovieListApp.swift */ = {isa = PBXFileReference; lastKnownFileType = sourcecode.swift; path = SwiftUI_ResponsiveGridMovieListApp.swift; sourceTree = "<group>"; };
		21EB72282C9720B700943F29 /* ContentView.swift */ = {isa = PBXFileReference; lastKnownFileType = sourcecode.swift; path = ContentView.swift; sourceTree = "<group>"; };
		21EB722A2C9720B900943F29 /* Assets.xcassets */ = {isa = PBXFileReference; lastKnownFileType = folder.assetcatalog; path = Assets.xcassets; sourceTree = "<group>"; };
		21EB722D2C9720B900943F29 /* Preview Assets.xcassets */ = {isa = PBXFileReference; lastKnownFileType = folder.assetcatalog; path = "Preview Assets.xcassets"; sourceTree = "<group>"; };
		23D051592C97313F00A45CBF /* ContentViewModel.swift */ = {isa = PBXFileReference; lastKnownFileType = sourcecode.swift; path = ContentViewModel.swift; sourceTree = "<group>"; };
		23FB72052C9724920082C88D /* ApiService.swift */ = {isa = PBXFileReference; lastKnownFileType = sourcecode.swift; path = ApiService.swift; sourceTree = "<group>"; };
		23FB72072C9724C80082C88D /* Protocol.swift */ = {isa = PBXFileReference; lastKnownFileType = sourcecode.swift; path = Protocol.swift; sourceTree = "<group>"; };
		23FB720A2C9725310082C88D /* Movie.swift */ = {isa = PBXFileReference; lastKnownFileType = sourcecode.swift; path = Movie.swift; sourceTree = "<group>"; };
		23FB720D2C9729410082C88D /* ResultState.swift */ = {isa = PBXFileReference; lastKnownFileType = sourcecode.swift; path = ResultState.swift; sourceTree = "<group>"; };
		23FB72102C972D2F0082C88D /* MovieResponse.swift */ = {isa = PBXFileReference; lastKnownFileType = sourcecode.swift; path = MovieResponse.swift; sourceTree = "<group>"; };
		23FB72122C972D6B0082C88D /* Dates.swift */ = {isa = PBXFileReference; lastKnownFileType = sourcecode.swift; path = Dates.swift; sourceTree = "<group>"; };
/* End PBXFileReference section */

/* Begin PBXFrameworksBuildPhase section */
		21EB72202C9720B700943F29 /* Frameworks */ = {
			isa = PBXFrameworksBuildPhase;
			buildActionMask = 2147483647;
			files = (
			);
			runOnlyForDeploymentPostprocessing = 0;
		};
/* End PBXFrameworksBuildPhase section */

/* Begin PBXGroup section */
		21EB721A2C9720B700943F29 = {
			isa = PBXGroup;
			children = (
				21EB72252C9720B700943F29 /* SwiftUI_ResponsiveGridMovieList */,
				21EB72242C9720B700943F29 /* Products */,
			);
			sourceTree = "<group>";
		};
		21EB72242C9720B700943F29 /* Products */ = {
			isa = PBXGroup;
			children = (
				21EB72232C9720B700943F29 /* SwiftUI_ResponsiveGridMovieList.app */,
			);
			name = Products;
			sourceTree = "<group>";
		};
		21EB72252C9720B700943F29 /* SwiftUI_ResponsiveGridMovieList */ = {
			isa = PBXGroup;
			children = (
				23FB720F2C972D240082C88D /* DTO */,
				23FB720C2C97292A0082C88D /* Helper */,
				23FB72092C97252A0082C88D /* Model */,
				23FB72042C9724750082C88D /* Service */,
				21EB72262C9720B700943F29 /* SwiftUI_ResponsiveGridMovieListApp.swift */,
				23D051592C97313F00A45CBF /* ContentViewModel.swift */,
				21EB72282C9720B700943F29 /* ContentView.swift */,
				21EB722A2C9720B900943F29 /* Assets.xcassets */,
				21EB722C2C9720B900943F29 /* Preview Content */,
			);
			path = SwiftUI_ResponsiveGridMovieList;
			sourceTree = "<group>";
		};
		21EB722C2C9720B900943F29 /* Preview Content */ = {
			isa = PBXGroup;
			children = (
				21EB722D2C9720B900943F29 /* Preview Assets.xcassets */,
			);
			path = "Preview Content";
			sourceTree = "<group>";
		};
		23FB72042C9724750082C88D /* Service */ = {
			isa = PBXGroup;
			children = (
				23FB72052C9724920082C88D /* ApiService.swift */,
				23FB72072C9724C80082C88D /* Protocol.swift */,
			);
			path = Service;
			sourceTree = "<group>";
		};
		23FB72092C97252A0082C88D /* Model */ = {
			isa = PBXGroup;
			children = (
				23FB720A2C9725310082C88D /* Movie.swift */,
				23FB72122C972D6B0082C88D /* Dates.swift */,
			);
			path = Model;
			sourceTree = "<group>";
		};
		23FB720C2C97292A0082C88D /* Helper */ = {
			isa = PBXGroup;
			children = (
				23FB720D2C9729410082C88D /* ResultState.swift */,
			);
			path = Helper;
			sourceTree = "<group>";
		};
		23FB720F2C972D240082C88D /* DTO */ = {
			isa = PBXGroup;
			children = (
				23FB72102C972D2F0082C88D /* MovieResponse.swift */,
			);
			path = DTO;
			sourceTree = "<group>";
		};
/* End PBXGroup section */

/* Begin PBXNativeTarget section */
		21EB72222C9720B700943F29 /* SwiftUI_ResponsiveGridMovieList */ = {
			isa = PBXNativeTarget;
			buildConfigurationList = 21EB72312C9720B900943F29 /* Build configuration list for PBXNativeTarget "SwiftUI_ResponsiveGridMovieList" */;
			buildPhases = (
				21EB721F2C9720B700943F29 /* Sources */,
				21EB72202C9720B700943F29 /* Frameworks */,
				21EB72212C9720B700943F29 /* Resources */,
			);
			buildRules = (
			);
			dependencies = (
			);
			name = SwiftUI_ResponsiveGridMovieList;
			productName = SwiftUI_ResponsiveGridMovieList;
			productReference = 21EB72232C9720B700943F29 /* SwiftUI_ResponsiveGridMovieList.app */;
			productType = "com.apple.product-type.application";
		};
/* End PBXNativeTarget section */

/* Begin PBXProject section */
		21EB721B2C9720B700943F29 /* Project object */ = {
			isa = PBXProject;
			attributes = {
				BuildIndependentTargetsInParallel = 1;
				LastSwiftUpdateCheck = 1540;
				LastUpgradeCheck = 1540;
				TargetAttributes = {
					21EB72222C9720B700943F29 = {
						CreatedOnToolsVersion = 15.4;
					};
				};
			};
			buildConfigurationList = 21EB721E2C9720B700943F29 /* Build configuration list for PBXProject "SwiftUI_ResponsiveGridMovieList" */;
			compatibilityVersion = "Xcode 14.0";
			developmentRegion = en;
			hasScannedForEncodings = 0;
			knownRegions = (
				en,
				Base,
			);
			mainGroup = 21EB721A2C9720B700943F29;
			productRefGroup = 21EB72242C9720B700943F29 /* Products */;
			projectDirPath = "";
			projectRoot = "";
			targets = (
				21EB72222C9720B700943F29 /* SwiftUI_ResponsiveGridMovieList */,
			);
		};
/* End PBXProject section */

/* Begin PBXResourcesBuildPhase section */
		21EB72212C9720B700943F29 /* Resources */ = {
			isa = PBXResourcesBuildPhase;
			buildActionMask = 2147483647;
			files = (
				21EB722E2C9720B900943F29 /* Preview Assets.xcassets in Resources */,
				21EB722B2C9720B900943F29 /* Assets.xcassets in Resources */,
			);
			runOnlyForDeploymentPostprocessing = 0;
		};
/* End PBXResourcesBuildPhase section */

/* Begin PBXSourcesBuildPhase section */
		21EB721F2C9720B700943F29 /* Sources */ = {
			isa = PBXSourcesBuildPhase;
			buildActionMask = 2147483647;
			files = (
				23FB72112C972D2F0082C88D /* MovieResponse.swift in Sources */,
				23FB720B2C9725310082C88D /* Movie.swift in Sources */,
				21EB72292C9720B700943F29 /* ContentView.swift in Sources */,
				23FB720E2C9729410082C88D /* ResultState.swift in Sources */,
				21EB72272C9720B700943F29 /* SwiftUI_ResponsiveGridMovieListApp.swift in Sources */,
				23D0515A2C97313F00A45CBF /* ContentViewModel.swift in Sources */,
				23FB72062C9724920082C88D /* ApiService.swift in Sources */,
				23FB72082C9724C80082C88D /* Protocol.swift in Sources */,
				23FB72132C972D6B0082C88D /* Dates.swift in Sources */,
			);
			runOnlyForDeploymentPostprocessing = 0;
		};
/* End PBXSourcesBuildPhase section */

/* Begin XCBuildConfiguration section */
		21EB722F2C9720B900943F29 /* Debug */ = {
			isa = XCBuildConfiguration;
			buildSettings = {
				ALWAYS_SEARCH_USER_PATHS = NO;
				ASSETCATALOG_COMPILER_GENERATE_SWIFT_ASSET_SYMBOL_EXTENSIONS = YES;
				CLANG_ANALYZER_NONNULL = YES;
				CLANG_ANALYZER_NUMBER_OBJECT_CONVERSION = YES_AGGRESSIVE;
				CLANG_CXX_LANGUAGE_STANDARD = "gnu++20";
				CLANG_ENABLE_MODULES = YES;
				CLANG_ENABLE_OBJC_ARC = YES;
				CLANG_ENABLE_OBJC_WEAK = YES;
				CLANG_WARN_BLOCK_CAPTURE_AUTORELEASING = YES;
				CLANG_WARN_BOOL_CONVERSION = YES;
				CLANG_WARN_COMMA = YES;
				CLANG_WARN_CONSTANT_CONVERSION = YES;
				CLANG_WARN_DEPRECATED_OBJC_IMPLEMENTATIONS = YES;
				CLANG_WARN_DIRECT_OBJC_ISA_USAGE = YES_ERROR;
				CLANG_WARN_DOCUMENTATION_COMMENTS = YES;
				CLANG_WARN_EMPTY_BODY = YES;
				CLANG_WARN_ENUM_CONVERSION = YES;
				CLANG_WARN_INFINITE_RECURSION = YES;
				CLANG_WARN_INT_CONVERSION = YES;
				CLANG_WARN_NON_LITERAL_NULL_CONVERSION = YES;
				CLANG_WARN_OBJC_IMPLICIT_RETAIN_SELF = YES;
				CLANG_WARN_OBJC_LITERAL_CONVERSION = YES;
				CLANG_WARN_OBJC_ROOT_CLASS = YES_ERROR;
				CLANG_WARN_QUOTED_INCLUDE_IN_FRAMEWORK_HEADER = YES;
				CLANG_WARN_RANGE_LOOP_ANALYSIS = YES;
				CLANG_WARN_STRICT_PROTOTYPES = YES;
				CLANG_WARN_SUSPICIOUS_MOVE = YES;
				CLANG_WARN_UNGUARDED_AVAILABILITY = YES_AGGRESSIVE;
				CLANG_WARN_UNREACHABLE_CODE = YES;
				CLANG_WARN__DUPLICATE_METHOD_MATCH = YES;
				COPY_PHASE_STRIP = NO;
				DEBUG_INFORMATION_FORMAT = dwarf;
				ENABLE_STRICT_OBJC_MSGSEND = YES;
				ENABLE_TESTABILITY = YES;
				ENABLE_USER_SCRIPT_SANDBOXING = YES;
				GCC_C_LANGUAGE_STANDARD = gnu17;
				GCC_DYNAMIC_NO_PIC = NO;
				GCC_NO_COMMON_BLOCKS = YES;
				GCC_OPTIMIZATION_LEVEL = 0;
				GCC_PREPROCESSOR_DEFINITIONS = (
					"DEBUG=1",
					"$(inherited)",
				);
				GCC_WARN_64_TO_32_BIT_CONVERSION = YES;
				GCC_WARN_ABOUT_RETURN_TYPE = YES_ERROR;
				GCC_WARN_UNDECLARED_SELECTOR = YES;
				GCC_WARN_UNINITIALIZED_AUTOS = YES_AGGRESSIVE;
				GCC_WARN_UNUSED_FUNCTION = YES;
				GCC_WARN_UNUSED_VARIABLE = YES;
				IPHONEOS_DEPLOYMENT_TARGET = 17.5;
				LOCALIZATION_PREFERS_STRING_CATALOGS = YES;
				MTL_ENABLE_DEBUG_INFO = INCLUDE_SOURCE;
				MTL_FAST_MATH = YES;
				ONLY_ACTIVE_ARCH = YES;
				SDKROOT = iphoneos;
				SWIFT_ACTIVE_COMPILATION_CONDITIONS = "DEBUG $(inherited)";
				SWIFT_OPTIMIZATION_LEVEL = "-Onone";
			};
			name = Debug;
		};
		21EB72302C9720B900943F29 /* Release */ = {
			isa = XCBuildConfiguration;
			buildSettings = {
				ALWAYS_SEARCH_USER_PATHS = NO;
				ASSETCATALOG_COMPILER_GENERATE_SWIFT_ASSET_SYMBOL_EXTENSIONS = YES;
				CLANG_ANALYZER_NONNULL = YES;
				CLANG_ANALYZER_NUMBER_OBJECT_CONVERSION = YES_AGGRESSIVE;
				CLANG_CXX_LANGUAGE_STANDARD = "gnu++20";
				CLANG_ENABLE_MODULES = YES;
				CLANG_ENABLE_OBJC_ARC = YES;
				CLANG_ENABLE_OBJC_WEAK = YES;
				CLANG_WARN_BLOCK_CAPTURE_AUTORELEASING = YES;
				CLANG_WARN_BOOL_CONVERSION = YES;
				CLANG_WARN_COMMA = YES;
				CLANG_WARN_CONSTANT_CONVERSION = YES;
				CLANG_WARN_DEPRECATED_OBJC_IMPLEMENTATIONS = YES;
				CLANG_WARN_DIRECT_OBJC_ISA_USAGE = YES_ERROR;
				CLANG_WARN_DOCUMENTATION_COMMENTS = YES;
				CLANG_WARN_EMPTY_BODY = YES;
				CLANG_WARN_ENUM_CONVERSION = YES;
				CLANG_WARN_INFINITE_RECURSION = YES;
				CLANG_WARN_INT_CONVERSION = YES;
				CLANG_WARN_NON_LITERAL_NULL_CONVERSION = YES;
				CLANG_WARN_OBJC_IMPLICIT_RETAIN_SELF = YES;
				CLANG_WARN_OBJC_LITERAL_CONVERSION = YES;
				CLANG_WARN_OBJC_ROOT_CLASS = YES_ERROR;
				CLANG_WARN_QUOTED_INCLUDE_IN_FRAMEWORK_HEADER = YES;
				CLANG_WARN_RANGE_LOOP_ANALYSIS = YES;
				CLANG_WARN_STRICT_PROTOTYPES = YES;
				CLANG_WARN_SUSPICIOUS_MOVE = YES;
				CLANG_WARN_UNGUARDED_AVAILABILITY = YES_AGGRESSIVE;
				CLANG_WARN_UNREACHABLE_CODE = YES;
				CLANG_WARN__DUPLICATE_METHOD_MATCH = YES;
				COPY_PHASE_STRIP = NO;
				DEBUG_INFORMATION_FORMAT = "dwarf-with-dsym";
				ENABLE_NS_ASSERTIONS = NO;
				ENABLE_STRICT_OBJC_MSGSEND = YES;
				ENABLE_USER_SCRIPT_SANDBOXING = YES;
				GCC_C_LANGUAGE_STANDARD = gnu17;
				GCC_NO_COMMON_BLOCKS = YES;
				GCC_WARN_64_TO_32_BIT_CONVERSION = YES;
				GCC_WARN_ABOUT_RETURN_TYPE = YES_ERROR;
				GCC_WARN_UNDECLARED_SELECTOR = YES;
				GCC_WARN_UNINITIALIZED_AUTOS = YES_AGGRESSIVE;
				GCC_WARN_UNUSED_FUNCTION = YES;
				GCC_WARN_UNUSED_VARIABLE = YES;
				IPHONEOS_DEPLOYMENT_TARGET = 17.5;
				LOCALIZATION_PREFERS_STRING_CATALOGS = YES;
				MTL_ENABLE_DEBUG_INFO = NO;
				MTL_FAST_MATH = YES;
				SDKROOT = iphoneos;
				SWIFT_COMPILATION_MODE = wholemodule;
				VALIDATE_PRODUCT = YES;
			};
			name = Release;
		};
		21EB72322C9720B900943F29 /* Debug */ = {
			isa = XCBuildConfiguration;
			buildSettings = {
				ASSETCATALOG_COMPILER_APPICON_NAME = AppIcon;
				ASSETCATALOG_COMPILER_GLOBAL_ACCENT_COLOR_NAME = AccentColor;
				CODE_SIGN_STYLE = Automatic;
				CURRENT_PROJECT_VERSION = 1;
				DEVELOPMENT_ASSET_PATHS = "\"SwiftUI_ResponsiveGridMovieList/Preview Content\"";
				DEVELOPMENT_TEAM = BHS88Y2WBP;
				ENABLE_PREVIEWS = YES;
				GENERATE_INFOPLIST_FILE = YES;
				INFOPLIST_KEY_UIApplicationSceneManifest_Generation = YES;
				INFOPLIST_KEY_UIApplicationSupportsIndirectInputEvents = YES;
				INFOPLIST_KEY_UILaunchScreen_Generation = YES;
				INFOPLIST_KEY_UISupportedInterfaceOrientations_iPad = "UIInterfaceOrientationPortrait UIInterfaceOrientationPortraitUpsideDown UIInterfaceOrientationLandscapeLeft UIInterfaceOrientationLandscapeRight";
				INFOPLIST_KEY_UISupportedInterfaceOrientations_iPhone = "UIInterfaceOrientationPortrait UIInterfaceOrientationLandscapeLeft UIInterfaceOrientationLandscapeRight";
				LD_RUNPATH_SEARCH_PATHS = (
					"$(inherited)",
					"@executable_path/Frameworks",
				);
				MARKETING_VERSION = 1.0;
				PRODUCT_BUNDLE_IDENTIFIER = "com.hendra.SwiftUI-ResponsiveGridMovieList";
				PRODUCT_NAME = "$(TARGET_NAME)";
				SWIFT_EMIT_LOC_STRINGS = YES;
				SWIFT_VERSION = 5.0;
				TARGETED_DEVICE_FAMILY = "1,2";
			};
			name = Debug;
		};
		21EB72332C9720B900943F29 /* Release */ = {
			isa = XCBuildConfiguration;
			buildSettings = {
				ASSETCATALOG_COMPILER_APPICON_NAME = AppIcon;
				ASSETCATALOG_COMPILER_GLOBAL_ACCENT_COLOR_NAME = AccentColor;
				CODE_SIGN_STYLE = Automatic;
				CURRENT_PROJECT_VERSION = 1;
				DEVELOPMENT_ASSET_PATHS = "\"SwiftUI_ResponsiveGridMovieList/Preview Content\"";
				DEVELOPMENT_TEAM = BHS88Y2WBP;
				ENABLE_PREVIEWS = YES;
				GENERATE_INFOPLIST_FILE = YES;
				INFOPLIST_KEY_UIApplicationSceneManifest_Generation = YES;
				INFOPLIST_KEY_UIApplicationSupportsIndirectInputEvents = YES;
				INFOPLIST_KEY_UILaunchScreen_Generation = YES;
				INFOPLIST_KEY_UISupportedInterfaceOrientations_iPad = "UIInterfaceOrientationPortrait UIInterfaceOrientationPortraitUpsideDown UIInterfaceOrientationLandscapeLeft UIInterfaceOrientationLandscapeRight";
				INFOPLIST_KEY_UISupportedInterfaceOrientations_iPhone = "UIInterfaceOrientationPortrait UIInterfaceOrientationLandscapeLeft UIInterfaceOrientationLandscapeRight";
				LD_RUNPATH_SEARCH_PATHS = (
					"$(inherited)",
					"@executable_path/Frameworks",
				);
				MARKETING_VERSION = 1.0;
				PRODUCT_BUNDLE_IDENTIFIER = "com.hendra.SwiftUI-ResponsiveGridMovieList";
				PRODUCT_NAME = "$(TARGET_NAME)";
				SWIFT_EMIT_LOC_STRINGS = YES;
				SWIFT_VERSION = 5.0;
				TARGETED_DEVICE_FAMILY = "1,2";
			};
			name = Release;
		};
/* End XCBuildConfiguration section */

/* Begin XCConfigurationList section */
		21EB721E2C9720B700943F29 /* Build configuration list for PBXProject "SwiftUI_ResponsiveGridMovieList" */ = {
			isa = XCConfigurationList;
			buildConfigurations = (
				21EB722F2C9720B900943F29 /* Debug */,
				21EB72302C9720B900943F29 /* Release */,
			);
			defaultConfigurationIsVisible = 0;
			defaultConfigurationName = Release;
		};
		21EB72312C9720B900943F29 /* Build configuration list for PBXNativeTarget "SwiftUI_ResponsiveGridMovieList" */ = {
			isa = XCConfigurationList;
			buildConfigurations = (
				21EB72322C9720B900943F29 /* Debug */,
				21EB72332C9720B900943F29 /* Release */,
			);
			defaultConfigurationIsVisible = 0;
			defaultConfigurationName = Release;
		};
/* End XCConfigurationList section */
	};
	rootObject = 21EB721B2C9720B700943F29 /* Project object */;
}
